
Microsoft Visual Studio Solution File, Format Version 12.00
# Visual Studio Version 17
VisualStudioVersion = 17.8.34205.153
MinimumVisualStudioVersion = 10.0.40219.1
Project("{FAE04EC0-301F-11D3-BF4B-00C04F79EFBC}") = "Skymey-stock-tinkoff-etflist", "Skymey-stock-tinkoff-etflist\Skymey-stock-tinkoff-etflist.csproj", "{C10C505D-1130-4FC0-A229-78F72DA7EED3}"
EndProject
Global
	GlobalSection(SolutionConfigurationPlatforms) = preSolution
		Debug|Any CPU = Debug|Any CPU
		Release|Any CPU = Release|Any CPU
	EndGlobalSection
	GlobalSection(ProjectConfigurationPlatforms) = postSolution
		{C10C505D-1130-4FC0-A229-78F72DA7EED3}.Debug|Any CPU.ActiveCfg = Debug|Any CPU
		{C10C505D-1130-4FC0-A229-78F72DA7EED3}.Debug|Any CPU.Build.0 = Debug|Any CPU
		{C10C505D-1130-4FC0-A229-78F72DA7EED3}.Release|Any CPU.ActiveCfg = Release|Any CPU
		{C10C505D-1130-4FC0-A229-78F72DA7EED3}.Release|Any CPU.Build.0 = Release|Any CPU
	EndGlobalSection
	GlobalSection(SolutionProperties) = preSolution
		HideSolutionNode = FALSE
	EndGlobalSection
	GlobalSection(ExtensibilityGlobals) = postSolution
		SolutionGuid = {8A1CE785-490C-47E9-86AE-B1DF7B93DF70}
	EndGlobalSection
EndGlobal
